
Microsoft Visual Studio Solution File, Format Version 12.00
# Visual Studio Version 17
VisualStudioVersion = 17.1.32421.90
MinimumVisualStudioVersion = 10.0.40219.1
Project("{2150E333-8FDC-42A3-9474-1A3956D46DE8}") = "Services", "Services", "{AB8675BA-E0AA-4363-965F-B1A18F4EE995}"
EndProject
Project("{2150E333-8FDC-42A3-9474-1A3956D46DE8}") = "Frontend", "Frontend", "{7C4086C4-7591-4449-96FA-23B735C1D4E8}"
EndProject
Project("{9A19103F-16F7-4668-BE54-9A1E7A4F7556}") = "Binokool.Services.IdentityServer", "Authorize.Services.IdentityServer\Binokool.Services.IdentityServer.csproj", "{95AD07DE-1FCD-4ED5-AC0F-E30ADA7AC90A}"
EndProject
Project("{9A19103F-16F7-4668-BE54-9A1E7A4F7556}") = "Binokool.Services.ShoppingCartAPI", "Binokool.Services.ShoppingCartAPI\Binokool.Services.ShoppingCartAPI.csproj", "{76CCE150-53D0-4A36-BE98-A3D7D274F710}"
EndProject
Project("{9A19103F-16F7-4668-BE54-9A1E7A4F7556}") = "Binokool.Web", "Binokool.Web\Binokool.Web.csproj", "{E134136F-A1C1-442B-B970-48E335008D4A}"
EndProject
Project("{9A19103F-16F7-4668-BE54-9A1E7A4F7556}") = "Binokool.Services.ProductAPI", "Binokool.Services.ProductAPI\Binokool.Services.ProductAPI.csproj", "{18356495-ADFB-477F-A38A-652DC90D76F7}"
EndProject
Project("{2150E333-8FDC-42A3-9474-1A3956D46DE8}") = "Solution Items", "Solution Items", "{3A73CEFF-C88A-4C5B-A6C8-25AA7CF49BDD}"
	ProjectSection(SolutionItems) = preProject
		docker-compose.yml = docker-compose.yml
	EndProjectSection
EndProject
Global
	GlobalSection(SolutionConfigurationPlatforms) = preSolution
		Debug|Any CPU = Debug|Any CPU
		Release|Any CPU = Release|Any CPU
	EndGlobalSection
	GlobalSection(ProjectConfigurationPlatforms) = postSolution
		{95AD07DE-1FCD-4ED5-AC0F-E30ADA7AC90A}.Debug|Any CPU.ActiveCfg = Debug|Any CPU
		{95AD07DE-1FCD-4ED5-AC0F-E30ADA7AC90A}.Debug|Any CPU.Build.0 = Debug|Any CPU
		{95AD07DE-1FCD-4ED5-AC0F-E30ADA7AC90A}.Release|Any CPU.ActiveCfg = Release|Any CPU
		{95AD07DE-1FCD-4ED5-AC0F-E30ADA7AC90A}.Release|Any CPU.Build.0 = Release|Any CPU
		{76CCE150-53D0-4A36-BE98-A3D7D274F710}.Debug|Any CPU.ActiveCfg = Debug|Any CPU
		{76CCE150-53D0-4A36-BE98-A3D7D274F710}.Debug|Any CPU.Build.0 = Debug|Any CPU
		{76CCE150-53D0-4A36-BE98-A3D7D274F710}.Release|Any CPU.ActiveCfg = Release|Any CPU
		{76CCE150-53D0-4A36-BE98-A3D7D274F710}.Release|Any CPU.Build.0 = Release|Any CPU
		{E134136F-A1C1-442B-B970-48E335008D4A}.Debug|Any CPU.ActiveCfg = Debug|Any CPU
		{E134136F-A1C1-442B-B970-48E335008D4A}.Debug|Any CPU.Build.0 = Debug|Any CPU
		{E134136F-A1C1-442B-B970-48E335008D4A}.Release|Any CPU.ActiveCfg = Release|Any CPU
		{E134136F-A1C1-442B-B970-48E335008D4A}.Release|Any CPU.Build.0 = Release|Any CPU
		{18356495-ADFB-477F-A38A-652DC90D76F7}.Debug|Any CPU.ActiveCfg = Debug|Any CPU
		{18356495-ADFB-477F-A38A-652DC90D76F7}.Debug|Any CPU.Build.0 = Debug|Any CPU
		{18356495-ADFB-477F-A38A-652DC90D76F7}.Release|Any CPU.ActiveCfg = Release|Any CPU
		{18356495-ADFB-477F-A38A-652DC90D76F7}.Release|Any CPU.Build.0 = Release|Any CPU
	EndGlobalSection
	GlobalSection(SolutionProperties) = preSolution
		HideSolutionNode = FALSE
	EndGlobalSection
	GlobalSection(NestedProjects) = preSolution
		{95AD07DE-1FCD-4ED5-AC0F-E30ADA7AC90A} = {AB8675BA-E0AA-4363-965F-B1A18F4EE995}
		{76CCE150-53D0-4A36-BE98-A3D7D274F710} = {AB8675BA-E0AA-4363-965F-B1A18F4EE995}
		{E134136F-A1C1-442B-B970-48E335008D4A} = {7C4086C4-7591-4449-96FA-23B735C1D4E8}
		{18356495-ADFB-477F-A38A-652DC90D76F7} = {AB8675BA-E0AA-4363-965F-B1A18F4EE995}
	EndGlobalSection
	GlobalSection(ExtensibilityGlobals) = postSolution
		SolutionGuid = {E1DDA501-8E58-4127-A11D-52D8141F1A52}
	EndGlobalSection
EndGlobal
